
Microsoft Visual Studio Solution File, Format Version 12.00
# Visual Studio 15
VisualStudioVersion = 15.0.26430.6
MinimumVisualStudioVersion = 10.0.40219.1
Project("{FAE04EC0-301F-11D3-BF4B-00C04F79EFBC}") = "FurnanceCalc", "FurnanceCalc\FurnanceCalc.csproj", "{B9A015E9-BA45-4666-8F6D-B987310C7403}"
EndProject
Project("{FAE04EC0-301F-11D3-BF4B-00C04F79EFBC}") = "FurnanceCalculator", "FurnanceCalculator\FurnanceCalculator.csproj", "{48E7DFEC-690C-46AA-9951-615BBBA1AA61}"
EndProject
Global
	GlobalSection(SolutionConfigurationPlatforms) = preSolution
		Debug|Any CPU = Debug|Any CPU
		Release|Any CPU = Release|Any CPU
	EndGlobalSection
	GlobalSection(ProjectConfigurationPlatforms) = postSolution
		{B9A015E9-BA45-4666-8F6D-B987310C7403}.Debug|Any CPU.ActiveCfg = Debug|Any CPU
		{B9A015E9-BA45-4666-8F6D-B987310C7403}.Debug|Any CPU.Build.0 = Debug|Any CPU
		{B9A015E9-BA45-4666-8F6D-B987310C7403}.Release|Any CPU.ActiveCfg = Release|Any CPU
		{B9A015E9-BA45-4666-8F6D-B987310C7403}.Release|Any CPU.Build.0 = Release|Any CPU
		{48E7DFEC-690C-46AA-9951-615BBBA1AA61}.Debug|Any CPU.ActiveCfg = Debug|Any CPU
		{48E7DFEC-690C-46AA-9951-615BBBA1AA61}.Debug|Any CPU.Build.0 = Debug|Any CPU
		{48E7DFEC-690C-46AA-9951-615BBBA1AA61}.Release|Any CPU.ActiveCfg = Release|Any CPU
		{48E7DFEC-690C-46AA-9951-615BBBA1AA61}.Release|Any CPU.Build.0 = Release|Any CPU
	EndGlobalSection
	GlobalSection(SolutionProperties) = preSolution
		HideSolutionNode = FALSE
	EndGlobalSection
EndGlobal
